{
  "nodes": {
    "code_runner": {
      "flake": false,
      "locked": {
        "lastModified": 1760846553,
        "narHash": "sha256-bTVGrwm11I9xwnm2pluoca+5ZoQPq5NGbgpwtPYtlgI=",
        "owner": "CRAG666",
        "repo": "code_runner.nvim",
        "rev": "45dfea066a6110abcbc3cd361457ac3cbaefd68b",
        "type": "github"
      },
      "original": {
        "owner": "CRAG666",
        "repo": "code_runner.nvim",
        "type": "github"
      }
    },
    "flake-parts": {
      "inputs": {
        "nixpkgs-lib": [
          "nixpkgs"
        ]
      },
      "locked": {
        "lastModified": 1768135262,
        "narHash": "sha256-PVvu7OqHBGWN16zSi6tEmPwwHQ4rLPU9Plvs8/1TUBY=",
        "owner": "hercules-ci",
        "repo": "flake-parts",
        "rev": "80daad04eddbbf5a4d883996a73f3f542fa437ac",
        "type": "github"
      },
      "original": {
        "owner": "hercules-ci",
        "repo": "flake-parts",
        "type": "github"
      }
    },
    "flake-parts_2": {
      "inputs": {
        "nixpkgs-lib": [
          "nvim",
          "nixpkgs"
        ]
      },
      "locked": {
        "lastModified": 1768135262,
        "narHash": "sha256-PVvu7OqHBGWN16zSi6tEmPwwHQ4rLPU9Plvs8/1TUBY=",
        "owner": "hercules-ci",
        "repo": "flake-parts",
        "rev": "80daad04eddbbf5a4d883996a73f3f542fa437ac",
        "type": "github"
      },
      "original": {
        "owner": "hercules-ci",
        "repo": "flake-parts",
        "type": "github"
      }
    },
    "home-manager": {
      "inputs": {
        "nixpkgs": [
          "nixpkgs"
        ]
      },
      "locked": {
        "lastModified": 1768749864,
        "narHash": "sha256-EKRMFBLBRCHrFZ5luX85RTnsN3b2q3FjZEi62vXwJBE=",
        "owner": "nix-community",
        "repo": "home-manager",
        "rev": "5148e08046dc8c74c66b8aee4d302a47d6931b56",
        "type": "github"
      },
      "original": {
        "owner": "nix-community",
        "repo": "home-manager",
        "type": "github"
      }
    },
    "import-tree": {
      "locked": {
        "lastModified": 1763762820,
        "narHash": "sha256-ZvYKbFib3AEwiNMLsejb/CWs/OL/srFQ8AogkebEPF0=",
        "owner": "vic",
        "repo": "import-tree",
        "rev": "3c23749d8013ec6daa1d7255057590e9ca726646",
        "type": "github"
      },
      "original": {
        "owner": "vic",
        "repo": "import-tree",
        "type": "github"
      }
    },
    "neovim-src": {
      "flake": false,
      "locked": {
        "lastModified": 1768656175,
        "narHash": "sha256-qnBvj3GvyF757Z8qJLjcVk/NW5p1wldeLHLdQPbehOM=",
        "owner": "neovim",
        "repo": "neovim",
        "rev": "a5e5ec8910ea35ebb86dcba7f58333d9d4caca47",
        "type": "github"
      },
      "original": {
        "owner": "neovim",
        "repo": "neovim",
        "type": "github"
      }
    },
    "nixpkgs": {
      "locked": {
        "lastModified": 1768661221,
        "narHash": "sha256-MJwOjrIISfOpdI9x4C+5WFQXvHtOuj5mqLZ4TMEtk1M=",
        "owner": "nixos",
        "repo": "nixpkgs",
        "rev": "3327b113f2ef698d380df83fbccefad7e83d7769",
        "type": "github"
      },
      "original": {
        "owner": "nixos",
        "ref": "nixpkgs-unstable",
        "repo": "nixpkgs",
        "type": "github"
      }
    },
    "nvim": {
      "inputs": {
        "flake-parts": "flake-parts_2",
        "neovim-src": "neovim-src",
        "nixpkgs": [
          "nixpkgs"
        ]
      },
      "locked": {
        "lastModified": 1768694683,
        "narHash": "sha256-pB512IZ8jDu8BQ45gv3UoVCwLUoPDM82Tg5wIBb93bo=",
        "owner": "nix-community",
        "repo": "neovim-nightly-overlay",
        "rev": "0dc0043f996b3583a21011765a53109db5a9d016",
        "type": "github"
      },
      "original": {
        "owner": "nix-community",
        "repo": "neovim-nightly-overlay",
        "type": "github"
      }
    },
    "root": {
      "inputs": {
        "code_runner": "code_runner",
        "flake-parts": "flake-parts",
        "home-manager": "home-manager",
        "import-tree": "import-tree",
        "nixpkgs": "nixpkgs",
        "nvim": "nvim",
        "secrets": "secrets",
        "sops-nix": "sops-nix"
      }
    },
    "secrets": {
      "flake": false,
      "locked": {
        "lastModified": 1767464712,
        "narHash": "sha256-zXQ6jRzILBaaA0NbBBfMS/Rh6VajW2NhIZ/TvF5Abaw=",
        "ref": "main",
        "rev": "7a045a54d2ee7f4bbbb0f5bc5cc246a803af83bd",
        "shallow": true,
        "type": "git",
        "url": "ssh://git@github.com/tnxz/secrets.git"
      },
      "original": {
        "ref": "main",
        "shallow": true,
        "type": "git",
        "url": "ssh://git@github.com/tnxz/secrets.git"
      }
    },
    "sops-nix": {
      "inputs": {
        "nixpkgs": [
          "nixpkgs"
        ]
      },
      "locked": {
        "lastModified": 1768709255,
        "narHash": "sha256-aigyBfxI20FRtqajVMYXHtj5gHXENY2gLAXEhfJ8/WM=",
        "owner": "Mic92",
        "repo": "sops-nix",
        "rev": "5e8fae80726b66e9fec023d21cd3b3e638597aa9",
        "type": "github"
      },
      "original": {
        "owner": "Mic92",
        "repo": "sops-nix",
        "type": "github"
      }
    }
  },
  "root": "root",
  "version": 7
}
